// !$*UTF8*$!
{
	archiveVersion = 1;
	classes = {
	};
	objectVersion = 48;
	objects = {

/* Begin PBXBuildFile section */
		6940889A2075F8AB00147986 /* AppDelegate.swift in Sources */ = {isa = PBXBuildFile; fileRef = 694088992075F8AB00147986 /* AppDelegate.swift */; };
		694088A12075F8AB00147986 /* Assets.xcassets in Resources */ = {isa = PBXBuildFile; fileRef = 694088A02075F8AB00147986 /* Assets.xcassets */; };
		694088AF2075F8D900147986 /* MainViewController.swift in Sources */ = {isa = PBXBuildFile; fileRef = 694088AD2075F8D900147986 /* MainViewController.swift */; };
		694088B02075F8D900147986 /* MainViewController.xib in Resources */ = {isa = PBXBuildFile; fileRef = 694088AE2075F8D900147986 /* MainViewController.xib */; };
		694088D22076B13C00147986 /* LaunchScreen.xib in Resources */ = {isa = PBXBuildFile; fileRef = 694088D12076B13C00147986 /* LaunchScreen.xib */; };
/* End PBXBuildFile section */

/* Begin PBXCopyFilesBuildPhase section */
		694088DC2076B65800147986 /* Embed Frameworks */ = {
			isa = PBXCopyFilesBuildPhase;
			buildActionMask = 2147483647;
			dstPath = "";
			dstSubfolderSpec = 10;
			files = (
			);
			name = "Embed Frameworks";
			runOnlyForDeploymentPostprocessing = 0;
		};
/* End PBXCopyFilesBuildPhase section */

/* Begin PBXFileReference section */
		694088962075F8AB00147986 /* SwiftyAlgebraDemo.app */ = {isa = PBXFileReference; explicitFileType = wrapper.application; includeInIndex = 0; path = SwiftyAlgebraDemo.app; sourceTree = BUILT_PRODUCTS_DIR; };
		694088992075F8AB00147986 /* AppDelegate.swift */ = {isa = PBXFileReference; lastKnownFileType = sourcecode.swift; path = AppDelegate.swift; sourceTree = "<group>"; };
		694088A02075F8AB00147986 /* Assets.xcassets */ = {isa = PBXFileReference; lastKnownFileType = folder.assetcatalog; path = Assets.xcassets; sourceTree = "<group>"; };
		694088A52075F8AB00147986 /* Info.plist */ = {isa = PBXFileReference; lastKnownFileType = text.plist.xml; path = Info.plist; sourceTree = "<group>"; };
		694088AD2075F8D900147986 /* MainViewController.swift */ = {isa = PBXFileReference; lastKnownFileType = sourcecode.swift; path = MainViewController.swift; sourceTree = "<group>"; };
		694088AE2075F8D900147986 /* MainViewController.xib */ = {isa = PBXFileReference; lastKnownFileType = file.xib; path = MainViewController.xib; sourceTree = "<group>"; };
		694088D12076B13C00147986 /* LaunchScreen.xib */ = {isa = PBXFileReference; lastKnownFileType = file.xib; path = LaunchScreen.xib; sourceTree = "<group>"; };
		694088DE2076B66100147986 /* SwiftyAlgebra.framework */ = {isa = PBXFileReference; lastKnownFileType = wrapper.framework; name = SwiftyAlgebra.framework; path = "../../../../../../../Library/Developer/Xcode/DerivedData/SwiftyAlgebra-govznqyumosbbsedduqxthlzdldj/Build/Products/Debug-iphoneos/SwiftyAlgebra.framework"; sourceTree = "<group>"; };
/* End PBXFileReference section */

/* Begin PBXFrameworksBuildPhase section */
		694088932075F8AB00147986 /* Frameworks */ = {
			isa = PBXFrameworksBuildPhase;
			buildActionMask = 2147483647;
			files = (
			);
			runOnlyForDeploymentPostprocessing = 0;
		};
/* End PBXFrameworksBuildPhase section */

/* Begin PBXGroup section */
		6940888D2075F8AB00147986 = {
			isa = PBXGroup;
			children = (
				694088982075F8AB00147986 /* SwiftyAlgebraDemo */,
				694088DD2076B65B00147986 /* Frameworks */,
				694088972075F8AB00147986 /* Products */,
			);
			sourceTree = "<group>";
		};
		694088972075F8AB00147986 /* Products */ = {
			isa = PBXGroup;
			children = (
				694088962075F8AB00147986 /* SwiftyAlgebraDemo.app */,
			);
			name = Products;
			sourceTree = "<group>";
		};
		694088982075F8AB00147986 /* SwiftyAlgebraDemo */ = {
			isa = PBXGroup;
			children = (
				694088AB2075F8CD00147986 /* ViewControllers */,
				694088992075F8AB00147986 /* AppDelegate.swift */,
				694088A02075F8AB00147986 /* Assets.xcassets */,
				694088D12076B13C00147986 /* LaunchScreen.xib */,
				694088A52075F8AB00147986 /* Info.plist */,
			);
			path = SwiftyAlgebraDemo;
			sourceTree = "<group>";
		};
		694088AB2075F8CD00147986 /* ViewControllers */ = {
			isa = PBXGroup;
			children = (
				694088AC2075F8CD00147986 /* Main */,
			);
			path = ViewControllers;
			sourceTree = "<group>";
		};
		694088AC2075F8CD00147986 /* Main */ = {
			isa = PBXGroup;
			children = (
				694088AD2075F8D900147986 /* MainViewController.swift */,
				694088AE2075F8D900147986 /* MainViewController.xib */,
			);
			path = Main;
			sourceTree = "<group>";
		};
		694088DD2076B65B00147986 /* Frameworks */ = {
			isa = PBXGroup;
			children = (
				694088DE2076B66100147986 /* SwiftyAlgebra.framework */,
			);
			path = Frameworks;
			sourceTree = "<group>";
		};
/* End PBXGroup section */

/* Begin PBXNativeTarget section */
		694088952075F8AB00147986 /* SwiftyAlgebraDemo */ = {
			isa = PBXNativeTarget;
			buildConfigurationList = 694088A82075F8AB00147986 /* Build configuration list for PBXNativeTarget "SwiftyAlgebraDemo" */;
			buildPhases = (
				694088922075F8AB00147986 /* Sources */,
				694088932075F8AB00147986 /* Frameworks */,
				694088942075F8AB00147986 /* Resources */,
				694088DC2076B65800147986 /* Embed Frameworks */,
			);
			buildRules = (
			);
			dependencies = (
			);
			name = SwiftyAlgebraDemo;
			productName = SwiftyAlgebraDemo;
			productReference = 694088962075F8AB00147986 /* SwiftyAlgebraDemo.app */;
			productType = "com.apple.product-type.application";
		};
/* End PBXNativeTarget section */

/* Begin PBXProject section */
		6940888E2075F8AB00147986 /* Project object */ = {
			isa = PBXProject;
			attributes = {
				LastSwiftUpdateCheck = 0920;
				LastUpgradeCheck = 0920;
				ORGANIZATIONNAME = "Igor Matyushkin";
				TargetAttributes = {
					694088952075F8AB00147986 = {
						CreatedOnToolsVersion = 9.2;
						ProvisioningStyle = Automatic;
					};
				};
			};
			buildConfigurationList = 694088912075F8AB00147986 /* Build configuration list for PBXProject "SwiftyAlgebraDemo" */;
			compatibilityVersion = "Xcode 8.0";
			developmentRegion = en;
			hasScannedForEncodings = 0;
			knownRegions = (
				en,
				Base,
			);
			mainGroup = 6940888D2075F8AB00147986;
			productRefGroup = 694088972075F8AB00147986 /* Products */;
			projectDirPath = "";
			projectRoot = "";
			targets = (
				694088952075F8AB00147986 /* SwiftyAlgebraDemo */,
			);
		};
/* End PBXProject section */

/* Begin PBXResourcesBuildPhase section */
		694088942075F8AB00147986 /* Resources */ = {
			isa = PBXResourcesBuildPhase;
			buildActionMask = 2147483647;
			files = (
				694088B02075F8D900147986 /* MainViewController.xib in Resources */,
				694088D22076B13C00147986 /* LaunchScreen.xib in Resources */,
				694088A12075F8AB00147986 /* Assets.xcassets in Resources */,
			);
			runOnlyForDeploymentPostprocessing = 0;
		};
/* End PBXResourcesBuildPhase section */

/* Begin PBXSourcesBuildPhase section */
		694088922075F8AB00147986 /* Sources */ = {
			isa = PBXSourcesBuildPhase;
			buildActionMask = 2147483647;
			files = (
				6940889A2075F8AB00147986 /* AppDelegate.swift in Sources */,
				694088AF2075F8D900147986 /* MainViewController.swift in Sources */,
			);
			runOnlyForDeploymentPostprocessing = 0;
		};
/* End PBXSourcesBuildPhase section */

/* Begin XCBuildConfiguration section */
		694088A62075F8AB00147986 /* Debug */ = {
			isa = XCBuildConfiguration;
			buildSettings = {
				ALWAYS_SEARCH_USER_PATHS = NO;
				CLANG_ANALYZER_NONNULL = YES;
				CLANG_ANALYZER_NUMBER_OBJECT_CONVERSION = YES_AGGRESSIVE;
				CLANG_CXX_LANGUAGE_STANDARD = "gnu++14";
				CLANG_CXX_LIBRARY = "libc++";
				CLANG_ENABLE_MODULES = YES;
				CLANG_ENABLE_OBJC_ARC = YES;
				CLANG_WARN_BLOCK_CAPTURE_AUTORELEASING = YES;
				CLANG_WARN_BOOL_CONVERSION = YES;
				CLANG_WARN_COMMA = YES;
				CLANG_WARN_CONSTANT_CONVERSION = YES;
				CLANG_WARN_DIRECT_OBJC_ISA_USAGE = YES_ERROR;
				CLANG_WARN_DOCUMENTATION_COMMENTS = YES;
				CLANG_WARN_EMPTY_BODY = YES;
				CLANG_WARN_ENUM_CONVERSION = YES;
				CLANG_WARN_INFINITE_RECURSION = YES;
				CLANG_WARN_INT_CONVERSION = YES;
				CLANG_WARN_NON_LITERAL_NULL_CONVERSION = YES;
				CLANG_WARN_OBJC_LITERAL_CONVERSION = YES;
				CLANG_WARN_OBJC_ROOT_CLASS = YES_ERROR;
				CLANG_WARN_RANGE_LOOP_ANALYSIS = YES;
				CLANG_WARN_STRICT_PROTOTYPES = YES;
				CLANG_WARN_SUSPICIOUS_MOVE = YES;
				CLANG_WARN_UNGUARDED_AVAILABILITY = YES_AGGRESSIVE;
				CLANG_WARN_UNREACHABLE_CODE = YES;
				CLANG_WARN__DUPLICATE_METHOD_MATCH = YES;
				CODE_SIGN_IDENTITY = "iPhone Developer";
				COPY_PHASE_STRIP = NO;
				DEBUG_INFORMATION_FORMAT = dwarf;
				ENABLE_STRICT_OBJC_MSGSEND = YES;
				ENABLE_TESTABILITY = YES;
				GCC_C_LANGUAGE_STANDARD = gnu11;
				GCC_DYNAMIC_NO_PIC = NO;
				GCC_NO_COMMON_BLOCKS = YES;
				GCC_OPTIMIZATION_LEVEL = 0;
				GCC_PREPROCESSOR_DEFINITIONS = (
					"DEBUG=1",
					"$(inherited)",
				);
				GCC_WARN_64_TO_32_BIT_CONVERSION = YES;
				GCC_WARN_ABOUT_RETURN_TYPE = YES_ERROR;
				GCC_WARN_UNDECLARED_SELECTOR = YES;
				GCC_WARN_UNINITIALIZED_AUTOS = YES_AGGRESSIVE;
				GCC_WARN_UNUSED_FUNCTION = YES;
				GCC_WARN_UNUSED_VARIABLE = YES;
				IPHONEOS_DEPLOYMENT_TARGET = 11.2;
				MTL_ENABLE_DEBUG_INFO = YES;
				ONLY_ACTIVE_ARCH = YES;
				SDKROOT = iphoneos;
				SWIFT_ACTIVE_COMPILATION_CONDITIONS = DEBUG;
				SWIFT_OPTIMIZATION_LEVEL = "-Onone";
			};
			name = Debug;
		};
		694088A72075F8AB00147986 /* Release */ = {
			isa = XCBuildConfiguration;
			buildSettings = {
				ALWAYS_SEARCH_USER_PATHS = NO;
				CLANG_ANALYZER_NONNULL = YES;
				CLANG_ANALYZER_NUMBER_OBJECT_CONVERSION = YES_AGGRESSIVE;
				CLANG_CXX_LANGUAGE_STANDARD = "gnu++14";
				CLANG_CXX_LIBRARY = "libc++";
				CLANG_ENABLE_MODULES = YES;
				CLANG_ENABLE_OBJC_ARC = YES;
				CLANG_WARN_BLOCK_CAPTURE_AUTORELEASING = YES;
				CLANG_WARN_BOOL_CONVERSION = YES;
				CLANG_WARN_COMMA = YES;
				CLANG_WARN_CONSTANT_CONVERSION = YES;
				CLANG_WARN_DIRECT_OBJC_ISA_USAGE = YES_ERROR;
				CLANG_WARN_DOCUMENTATION_COMMENTS = YES;
				CLANG_WARN_EMPTY_BODY = YES;
				CLANG_WARN_ENUM_CONVERSION = YES;
				CLANG_WARN_INFINITE_RECURSION = YES;
				CLANG_WARN_INT_CONVERSION = YES;
				CLANG_WARN_NON_LITERAL_NULL_CONVERSION = YES;
				CLANG_WARN_OBJC_LITERAL_CONVERSION = YES;
				CLANG_WARN_OBJC_ROOT_CLASS = YES_ERROR;
				CLANG_WARN_RANGE_LOOP_ANALYSIS = YES;
				CLANG_WARN_STRICT_PROTOTYPES = YES;
				CLANG_WARN_SUSPICIOUS_MOVE = YES;
				CLANG_WARN_UNGUARDED_AVAILABILITY = YES_AGGRESSIVE;
				CLANG_WARN_UNREACHABLE_CODE = YES;
				CLANG_WARN__DUPLICATE_METHOD_MATCH = YES;
				CODE_SIGN_IDENTITY = "iPhone Developer";
				COPY_PHASE_STRIP = NO;
				DEBUG_INFORMATION_FORMAT = "dwarf-with-dsym";
				ENABLE_NS_ASSERTIONS = NO;
				ENABLE_STRICT_OBJC_MSGSEND = YES;
				GCC_C_LANGUAGE_STANDARD = gnu11;
				GCC_NO_COMMON_BLOCKS = YES;
				GCC_WARN_64_TO_32_BIT_CONVERSION = YES;
				GCC_WARN_ABOUT_RETURN_TYPE = YES_ERROR;
				GCC_WARN_UNDECLARED_SELECTOR = YES;
				GCC_WARN_UNINITIALIZED_AUTOS = YES_AGGRESSIVE;
				GCC_WARN_UNUSED_FUNCTION = YES;
				GCC_WARN_UNUSED_VARIABLE = YES;
				IPHONEOS_DEPLOYMENT_TARGET = 11.2;
				MTL_ENABLE_DEBUG_INFO = NO;
				SDKROOT = iphoneos;
				SWIFT_OPTIMIZATION_LEVEL = "-Owholemodule";
				VALIDATE_PRODUCT = YES;
			};
			name = Release;
		};
		694088A92075F8AB00147986 /* Debug */ = {
			isa = XCBuildConfiguration;
			buildSettings = {
				ASSETCATALOG_COMPILER_APPICON_NAME = AppIcon;
				CODE_SIGN_STYLE = Automatic;
				INFOPLIST_FILE = SwiftyAlgebraDemo/Info.plist;
				IPHONEOS_DEPLOYMENT_TARGET = 9.0;
				LD_RUNPATH_SEARCH_PATHS = "$(inherited) @executable_path/Frameworks";
				PRODUCT_BUNDLE_IDENTIFIER = com.visuality.SwiftyAlgebraDemo;
				PRODUCT_NAME = "$(TARGET_NAME)";
				SWIFT_VERSION = 4.0;
				TARGETED_DEVICE_FAMILY = "1,2";
			};
			name = Debug;
		};
		694088AA2075F8AB00147986 /* Release */ = {
			isa = XCBuildConfiguration;
			buildSettings = {
				ASSETCATALOG_COMPILER_APPICON_NAME = AppIcon;
				CODE_SIGN_STYLE = Automatic;
				INFOPLIST_FILE = SwiftyAlgebraDemo/Info.plist;
				IPHONEOS_DEPLOYMENT_TARGET = 9.0;
				LD_RUNPATH_SEARCH_PATHS = "$(inherited) @executable_path/Frameworks";
				PRODUCT_BUNDLE_IDENTIFIER = com.visuality.SwiftyAlgebraDemo;
				PRODUCT_NAME = "$(TARGET_NAME)";
				SWIFT_VERSION = 4.0;
				TARGETED_DEVICE_FAMILY = "1,2";
			};
			name = Release;
		};
/* End XCBuildConfiguration section */

/* Begin XCConfigurationList section */
		694088912075F8AB00147986 /* Build configuration list for PBXProject "SwiftyAlgebraDemo" */ = {
			isa = XCConfigurationList;
			buildConfigurations = (
				694088A62075F8AB00147986 /* Debug */,
				694088A72075F8AB00147986 /* Release */,
			);
			defaultConfigurationIsVisible = 0;
			defaultConfigurationName = Release;
		};
		694088A82075F8AB00147986 /* Build configuration list for PBXNativeTarget "SwiftyAlgebraDemo" */ = {
			isa = XCConfigurationList;
			buildConfigurations = (
				694088A92075F8AB00147986 /* Debug */,
				694088AA2075F8AB00147986 /* Release */,
			);
			defaultConfigurationIsVisible = 0;
			defaultConfigurationName = Release;
		};
/* End XCConfigurationList section */
	};
	rootObject = 6940888E2075F8AB00147986 /* Project object */;
}
